
Microsoft Visual Studio Solution File, Format Version 12.00
# Visual Studio Version 16
VisualStudioVersion = 16.0.32413.511
MinimumVisualStudioVersion = 10.0.40219.1
Project("{FAE04EC0-301F-11D3-BF4B-00C04F79EFBC}") = "TESTBAI8", "TESTBAI8.csproj", "{598BCE11-2956-472D-B1C2-8B1D2A2AD11A}"
EndProject
Global
	GlobalSection(SolutionConfigurationPlatforms) = preSolution
		Debug|Any CPU = Debug|Any CPU
		Release|Any CPU = Release|Any CPU
	EndGlobalSection
	GlobalSection(ProjectConfigurationPlatforms) = postSolution
		{598BCE11-2956-472D-B1C2-8B1D2A2AD11A}.Debug|Any CPU.ActiveCfg = Debug|Any CPU
		{598BCE11-2956-472D-B1C2-8B1D2A2AD11A}.Debug|Any CPU.Build.0 = Debug|Any CPU
		{598BCE11-2956-472D-B1C2-8B1D2A2AD11A}.Release|Any CPU.ActiveCfg = Release|Any CPU
		{598BCE11-2956-472D-B1C2-8B1D2A2AD11A}.Release|Any CPU.Build.0 = Release|Any CPU
	EndGlobalSection
	GlobalSection(SolutionProperties) = preSolution
		HideSolutionNode = FALSE
	EndGlobalSection
	GlobalSection(ExtensibilityGlobals) = postSolution
		SolutionGuid = {AD1653FB-742B-4EF6-914F-EFBDF91057FF}
	EndGlobalSection
EndGlobal
