
Microsoft Visual Studio Solution File, Format Version 12.00
# Visual Studio Version 17
VisualStudioVersion = 17.3.32922.545
MinimumVisualStudioVersion = 10.0.40219.1
Project("{FAE04EC0-301F-11D3-BF4B-00C04F79EFBC}") = "Bai9.2", "Bai9.2\Bai9.2.csproj", "{C3BFD9F0-D536-4DCC-B30D-9F243AA117BB}"
EndProject
Global
	GlobalSection(SolutionConfigurationPlatforms) = preSolution
		Debug|Any CPU = Debug|Any CPU
		Release|Any CPU = Release|Any CPU
	EndGlobalSection
	GlobalSection(ProjectConfigurationPlatforms) = postSolution
		{C3BFD9F0-D536-4DCC-B30D-9F243AA117BB}.Debug|Any CPU.ActiveCfg = Debug|Any CPU
		{C3BFD9F0-D536-4DCC-B30D-9F243AA117BB}.Debug|Any CPU.Build.0 = Debug|Any CPU
		{C3BFD9F0-D536-4DCC-B30D-9F243AA117BB}.Release|Any CPU.ActiveCfg = Release|Any CPU
		{C3BFD9F0-D536-4DCC-B30D-9F243AA117BB}.Release|Any CPU.Build.0 = Release|Any CPU
	EndGlobalSection
	GlobalSection(SolutionProperties) = preSolution
		HideSolutionNode = FALSE
	EndGlobalSection
	GlobalSection(ExtensibilityGlobals) = postSolution
		SolutionGuid = {BDD1362E-3CE6-44CF-96F7-0DB0CB8B6A24}
	EndGlobalSection
EndGlobal
